{
  "name": "@mejor/keepmehonest",
  "version": "0.1.1",
  "lockfileVersion": 3,
  "requires": true,
  "packages": {
    "": {
      "name": "@mejor/keepmehonest",
      "version": "0.1.1",
      "license": "MIT",
      "bin": {
        "kmh": "bin/kmh.js"
      },
      "engines": {
        "node": ">=18"
      }
    }
  }
}
